
Microsoft Visual Studio Solution File, Format Version 12.00
# Visual Studio Version 16
VisualStudioVersion = 16.0.30611.23
MinimumVisualStudioVersion = 10.0.40219.1
Project("{FAE04EC0-301F-11D3-BF4B-00C04F79EFBC}") = "Capstone7ProductAPI", "Capstone7ProductAPI.csproj", "{C5350192-DBFE-4E3F-A21D-287538077967}"
EndProject
Global
	GlobalSection(SolutionConfigurationPlatforms) = preSolution
		Debug|Any CPU = Debug|Any CPU
		Release|Any CPU = Release|Any CPU
	EndGlobalSection
	GlobalSection(ProjectConfigurationPlatforms) = postSolution
		{C5350192-DBFE-4E3F-A21D-287538077967}.Debug|Any CPU.ActiveCfg = Debug|Any CPU
		{C5350192-DBFE-4E3F-A21D-287538077967}.Debug|Any CPU.Build.0 = Debug|Any CPU
		{C5350192-DBFE-4E3F-A21D-287538077967}.Release|Any CPU.ActiveCfg = Release|Any CPU
		{C5350192-DBFE-4E3F-A21D-287538077967}.Release|Any CPU.Build.0 = Release|Any CPU
	EndGlobalSection
	GlobalSection(SolutionProperties) = preSolution
		HideSolutionNode = FALSE
	EndGlobalSection
	GlobalSection(ExtensibilityGlobals) = postSolution
		SolutionGuid = {7DAE496F-306B-4FEA-A87D-06CD699BE7FE}
	EndGlobalSection
EndGlobal
